
Microsoft Visual Studio Solution File, Format Version 12.00
# Visual Studio Version 16
VisualStudioVersion = 16.0.31729.503
MinimumVisualStudioVersion = 10.0.40219.1
Project("{FAE04EC0-301F-11D3-BF4B-00C04F79EFBC}") = "NTHanh777", "NTHanh777\NTHanh777.csproj", "{EFF7C9F5-60EB-4417-B6B5-2C1B5E030720}"
EndProject
Global
	GlobalSection(SolutionConfigurationPlatforms) = preSolution
		Debug|Any CPU = Debug|Any CPU
		Release|Any CPU = Release|Any CPU
	EndGlobalSection
	GlobalSection(ProjectConfigurationPlatforms) = postSolution
		{EFF7C9F5-60EB-4417-B6B5-2C1B5E030720}.Debug|Any CPU.ActiveCfg = Debug|Any CPU
		{EFF7C9F5-60EB-4417-B6B5-2C1B5E030720}.Debug|Any CPU.Build.0 = Debug|Any CPU
		{EFF7C9F5-60EB-4417-B6B5-2C1B5E030720}.Release|Any CPU.ActiveCfg = Release|Any CPU
		{EFF7C9F5-60EB-4417-B6B5-2C1B5E030720}.Release|Any CPU.Build.0 = Release|Any CPU
	EndGlobalSection
	GlobalSection(SolutionProperties) = preSolution
		HideSolutionNode = FALSE
	EndGlobalSection
	GlobalSection(ExtensibilityGlobals) = postSolution
		SolutionGuid = {4E95C86C-6A57-4895-BAC3-4CEABA92CD3B}
	EndGlobalSection
EndGlobal
